// !$*UTF8*$!
{
	archiveVersion = 1;
	classes = {
	};
	objectVersion = 56;
	objects = {

/* Begin PBXBuildFile section */
		04124D282B737E6C008CF208 /* AppDelegate.swift in Sources */ = {isa = PBXBuildFile; fileRef = 04124D272B737E6C008CF208 /* AppDelegate.swift */; };
		04124D2A2B737E6C008CF208 /* SceneDelegate.swift in Sources */ = {isa = PBXBuildFile; fileRef = 04124D292B737E6C008CF208 /* SceneDelegate.swift */; };
		04124D2F2B737E6C008CF208 /* Main.storyboard in Resources */ = {isa = PBXBuildFile; fileRef = 04124D2D2B737E6C008CF208 /* Main.storyboard */; };
		04124D312B737E6F008CF208 /* Assets.xcassets in Resources */ = {isa = PBXBuildFile; fileRef = 04124D302B737E6F008CF208 /* Assets.xcassets */; };
		04124D342B737E6F008CF208 /* LaunchScreen.storyboard in Resources */ = {isa = PBXBuildFile; fileRef = 04124D322B737E6F008CF208 /* LaunchScreen.storyboard */; };
		04124D3C2B737F44008CF208 /* ModelGame.swift in Sources */ = {isa = PBXBuildFile; fileRef = 04124D3B2B737F44008CF208 /* ModelGame.swift */; };
		04124D412B73813D008CF208 /* GameListVC.swift in Sources */ = {isa = PBXBuildFile; fileRef = 04124D402B73813D008CF208 /* GameListVC.swift */; };
		04124D552B73867C008CF208 /* GameListTVC.swift in Sources */ = {isa = PBXBuildFile; fileRef = 04124D532B73867C008CF208 /* GameListTVC.swift */; };
		04124D562B73867C008CF208 /* GameListTVC.xib in Resources */ = {isa = PBXBuildFile; fileRef = 04124D542B73867C008CF208 /* GameListTVC.xib */; };
		04124D592B738D19008CF208 /* UIImageVIew+Extension.swift in Sources */ = {isa = PBXBuildFile; fileRef = 04124D582B738D19008CF208 /* UIImageVIew+Extension.swift */; };
		046D307D2B73A4B2009575BE /* InputVC.swift in Sources */ = {isa = PBXBuildFile; fileRef = 046D307C2B73A4B2009575BE /* InputVC.swift */; };
		046D307F2B73A4BE009575BE /* OutPutVC.swift in Sources */ = {isa = PBXBuildFile; fileRef = 046D307E2B73A4BE009575BE /* OutPutVC.swift */; };
		046D30812B73A619009575BE /* Utility.swift in Sources */ = {isa = PBXBuildFile; fileRef = 046D30802B73A618009575BE /* Utility.swift */; };
		6AF5C3DBFBB46B2331B62AD3 /* Pods_GameListHarsh.framework in Frameworks */ = {isa = PBXBuildFile; fileRef = FBD99DC9E81472AF4D3A902B /* Pods_GameListHarsh.framework */; };
/* End PBXBuildFile section */

/* Begin PBXFileReference section */
		04124D242B737E6C008CF208 /* GameListHarsh.app */ = {isa = PBXFileReference; explicitFileType = wrapper.application; includeInIndex = 0; path = GameListHarsh.app; sourceTree = BUILT_PRODUCTS_DIR; };
		04124D272B737E6C008CF208 /* AppDelegate.swift */ = {isa = PBXFileReference; lastKnownFileType = sourcecode.swift; path = AppDelegate.swift; sourceTree = "<group>"; };
		04124D292B737E6C008CF208 /* SceneDelegate.swift */ = {isa = PBXFileReference; lastKnownFileType = sourcecode.swift; path = SceneDelegate.swift; sourceTree = "<group>"; };
		04124D2E2B737E6C008CF208 /* Base */ = {isa = PBXFileReference; lastKnownFileType = file.storyboard; name = Base; path = Base.lproj/Main.storyboard; sourceTree = "<group>"; };
		04124D302B737E6F008CF208 /* Assets.xcassets */ = {isa = PBXFileReference; lastKnownFileType = folder.assetcatalog; path = Assets.xcassets; sourceTree = "<group>"; };
		04124D332B737E6F008CF208 /* Base */ = {isa = PBXFileReference; lastKnownFileType = file.storyboard; name = Base; path = Base.lproj/LaunchScreen.storyboard; sourceTree = "<group>"; };
		04124D352B737E6F008CF208 /* Info.plist */ = {isa = PBXFileReference; lastKnownFileType = text.plist.xml; path = Info.plist; sourceTree = "<group>"; };
		04124D3B2B737F44008CF208 /* ModelGame.swift */ = {isa = PBXFileReference; lastKnownFileType = sourcecode.swift; path = ModelGame.swift; sourceTree = "<group>"; };
		04124D402B73813D008CF208 /* GameListVC.swift */ = {isa = PBXFileReference; lastKnownFileType = sourcecode.swift; path = GameListVC.swift; sourceTree = "<group>"; };
		04124D532B73867C008CF208 /* GameListTVC.swift */ = {isa = PBXFileReference; lastKnownFileType = sourcecode.swift; path = GameListTVC.swift; sourceTree = "<group>"; };
		04124D542B73867C008CF208 /* GameListTVC.xib */ = {isa = PBXFileReference; lastKnownFileType = file.xib; path = GameListTVC.xib; sourceTree = "<group>"; };
		04124D582B738D19008CF208 /* UIImageVIew+Extension.swift */ = {isa = PBXFileReference; lastKnownFileType = sourcecode.swift; path = "UIImageVIew+Extension.swift"; sourceTree = "<group>"; };
		046D307C2B73A4B2009575BE /* InputVC.swift */ = {isa = PBXFileReference; lastKnownFileType = sourcecode.swift; path = InputVC.swift; sourceTree = "<group>"; };
		046D307E2B73A4BE009575BE /* OutPutVC.swift */ = {isa = PBXFileReference; lastKnownFileType = sourcecode.swift; path = OutPutVC.swift; sourceTree = "<group>"; };
		046D30802B73A618009575BE /* Utility.swift */ = {isa = PBXFileReference; fileEncoding = 4; lastKnownFileType = sourcecode.swift; path = Utility.swift; sourceTree = "<group>"; };
		2DC4B50F8B5FF846C3614445 /* Pods-GameListHarsh.release.xcconfig */ = {isa = PBXFileReference; includeInIndex = 1; lastKnownFileType = text.xcconfig; name = "Pods-GameListHarsh.release.xcconfig"; path = "Target Support Files/Pods-GameListHarsh/Pods-GameListHarsh.release.xcconfig"; sourceTree = "<group>"; };
		EBA69B12A496B5E032054D31 /* Pods-GameListHarsh.debug.xcconfig */ = {isa = PBXFileReference; includeInIndex = 1; lastKnownFileType = text.xcconfig; name = "Pods-GameListHarsh.debug.xcconfig"; path = "Target Support Files/Pods-GameListHarsh/Pods-GameListHarsh.debug.xcconfig"; sourceTree = "<group>"; };
		FBD99DC9E81472AF4D3A902B /* Pods_GameListHarsh.framework */ = {isa = PBXFileReference; explicitFileType = wrapper.framework; includeInIndex = 0; path = Pods_GameListHarsh.framework; sourceTree = BUILT_PRODUCTS_DIR; };
/* End PBXFileReference section */

/* Begin PBXFrameworksBuildPhase section */
		04124D212B737E6C008CF208 /* Frameworks */ = {
			isa = PBXFrameworksBuildPhase;
			buildActionMask = 2147483647;
			files = (
				6AF5C3DBFBB46B2331B62AD3 /* Pods_GameListHarsh.framework in Frameworks */,
			);
			runOnlyForDeploymentPostprocessing = 0;
		};
/* End PBXFrameworksBuildPhase section */

/* Begin PBXGroup section */
		04124D1B2B737E6C008CF208 = {
			isa = PBXGroup;
			children = (
				04124D262B737E6C008CF208 /* GameListHarsh */,
				04124D252B737E6C008CF208 /* Products */,
				75A05FD256CA2669751110A2 /* Frameworks */,
				7FC221876339D5B937C7786B /* Pods */,
			);
			sourceTree = "<group>";
		};
		04124D252B737E6C008CF208 /* Products */ = {
			isa = PBXGroup;
			children = (
				04124D242B737E6C008CF208 /* GameListHarsh.app */,
			);
			name = Products;
			sourceTree = "<group>";
		};
		04124D262B737E6C008CF208 /* GameListHarsh */ = {
			isa = PBXGroup;
			children = (
				04124D272B737E6C008CF208 /* AppDelegate.swift */,
				04124D292B737E6C008CF208 /* SceneDelegate.swift */,
				04124D2D2B737E6C008CF208 /* Main.storyboard */,
				046D30822B73A68E009575BE /* Helper */,
				04124D3F2B7380D9008CF208 /* Controller */,
				04124D3E2B7380D5008CF208 /* View */,
				04124D3D2B7380D0008CF208 /* Model */,
				04124D572B738CFD008CF208 /* Extensions */,
				04124D302B737E6F008CF208 /* Assets.xcassets */,
				04124D322B737E6F008CF208 /* LaunchScreen.storyboard */,
				04124D352B737E6F008CF208 /* Info.plist */,
			);
			path = GameListHarsh;
			sourceTree = "<group>";
		};
		04124D3D2B7380D0008CF208 /* Model */ = {
			isa = PBXGroup;
			children = (
				04124D3B2B737F44008CF208 /* ModelGame.swift */,
			);
			path = Model;
			sourceTree = "<group>";
		};
		04124D3E2B7380D5008CF208 /* View */ = {
			isa = PBXGroup;
			children = (
			);
			path = View;
			sourceTree = "<group>";
		};
		04124D3F2B7380D9008CF208 /* Controller */ = {
			isa = PBXGroup;
			children = (
				04124D4A2B7385E1008CF208 /* XIB */,
				04124D402B73813D008CF208 /* GameListVC.swift */,
				046D307C2B73A4B2009575BE /* InputVC.swift */,
				046D307E2B73A4BE009575BE /* OutPutVC.swift */,
			);
			path = Controller;
			sourceTree = "<group>";
		};
		04124D4A2B7385E1008CF208 /* XIB */ = {
			isa = PBXGroup;
			children = (
				04124D532B73867C008CF208 /* GameListTVC.swift */,
				04124D542B73867C008CF208 /* GameListTVC.xib */,
			);
			path = XIB;
			sourceTree = "<group>";
		};
		04124D572B738CFD008CF208 /* Extensions */ = {
			isa = PBXGroup;
			children = (
				04124D582B738D19008CF208 /* UIImageVIew+Extension.swift */,
			);
			path = Extensions;
			sourceTree = "<group>";
		};
		046D30822B73A68E009575BE /* Helper */ = {
			isa = PBXGroup;
			children = (
				046D30802B73A618009575BE /* Utility.swift */,
			);
			path = Helper;
			sourceTree = "<group>";
		};
		75A05FD256CA2669751110A2 /* Frameworks */ = {
			isa = PBXGroup;
			children = (
				FBD99DC9E81472AF4D3A902B /* Pods_GameListHarsh.framework */,
			);
			name = Frameworks;
			sourceTree = "<group>";
		};
		7FC221876339D5B937C7786B /* Pods */ = {
			isa = PBXGroup;
			children = (
				EBA69B12A496B5E032054D31 /* Pods-GameListHarsh.debug.xcconfig */,
				2DC4B50F8B5FF846C3614445 /* Pods-GameListHarsh.release.xcconfig */,
			);
			path = Pods;
			sourceTree = "<group>";
		};
/* End PBXGroup section */

/* Begin PBXNativeTarget section */
		04124D232B737E6C008CF208 /* GameListHarsh */ = {
			isa = PBXNativeTarget;
			buildConfigurationList = 04124D382B737E6F008CF208 /* Build configuration list for PBXNativeTarget "GameListHarsh" */;
			buildPhases = (
				11D6CB60C88BA7C3B29CC687 /* [CP] Check Pods Manifest.lock */,
				04124D202B737E6C008CF208 /* Sources */,
				04124D212B737E6C008CF208 /* Frameworks */,
				04124D222B737E6C008CF208 /* Resources */,
				9BFB229D70B000EB56BF3237 /* [CP] Embed Pods Frameworks */,
			);
			buildRules = (
			);
			dependencies = (
			);
			name = GameListHarsh;
			productName = GameListHarsh;
			productReference = 04124D242B737E6C008CF208 /* GameListHarsh.app */;
			productType = "com.apple.product-type.application";
		};
/* End PBXNativeTarget section */

/* Begin PBXProject section */
		04124D1C2B737E6C008CF208 /* Project object */ = {
			isa = PBXProject;
			attributes = {
				BuildIndependentTargetsInParallel = 1;
				LastSwiftUpdateCheck = 1520;
				LastUpgradeCheck = 1520;
				TargetAttributes = {
					04124D232B737E6C008CF208 = {
						CreatedOnToolsVersion = 15.2;
					};
				};
			};
			buildConfigurationList = 04124D1F2B737E6C008CF208 /* Build configuration list for PBXProject "GameListHarsh" */;
			compatibilityVersion = "Xcode 14.0";
			developmentRegion = en;
			hasScannedForEncodings = 0;
			knownRegions = (
				en,
				Base,
			);
			mainGroup = 04124D1B2B737E6C008CF208;
			productRefGroup = 04124D252B737E6C008CF208 /* Products */;
			projectDirPath = "";
			projectRoot = "";
			targets = (
				04124D232B737E6C008CF208 /* GameListHarsh */,
			);
		};
/* End PBXProject section */

/* Begin PBXResourcesBuildPhase section */
		04124D222B737E6C008CF208 /* Resources */ = {
			isa = PBXResourcesBuildPhase;
			buildActionMask = 2147483647;
			files = (
				04124D342B737E6F008CF208 /* LaunchScreen.storyboard in Resources */,
				04124D312B737E6F008CF208 /* Assets.xcassets in Resources */,
				04124D2F2B737E6C008CF208 /* Main.storyboard in Resources */,
				04124D562B73867C008CF208 /* GameListTVC.xib in Resources */,
			);
			runOnlyForDeploymentPostprocessing = 0;
		};
/* End PBXResourcesBuildPhase section */

/* Begin PBXShellScriptBuildPhase section */
		11D6CB60C88BA7C3B29CC687 /* [CP] Check Pods Manifest.lock */ = {
			isa = PBXShellScriptBuildPhase;
			buildActionMask = 2147483647;
			files = (
			);
			inputFileListPaths = (
			);
			inputPaths = (
				"${PODS_PODFILE_DIR_PATH}/Podfile.lock",
				"${PODS_ROOT}/Manifest.lock",
			);
			name = "[CP] Check Pods Manifest.lock";
			outputFileListPaths = (
			);
			outputPaths = (
				"$(DERIVED_FILE_DIR)/Pods-GameListHarsh-checkManifestLockResult.txt",
			);
			runOnlyForDeploymentPostprocessing = 0;
			shellPath = /bin/sh;
			shellScript = "diff \"${PODS_PODFILE_DIR_PATH}/Podfile.lock\" \"${PODS_ROOT}/Manifest.lock\" > /dev/null\nif [ $? != 0 ] ; then\n    # print error to STDERR\n    echo \"error: The sandbox is not in sync with the Podfile.lock. Run 'pod install' or update your CocoaPods installation.\" >&2\n    exit 1\nfi\n# This output is used by Xcode 'outputs' to avoid re-running this script phase.\necho \"SUCCESS\" > \"${SCRIPT_OUTPUT_FILE_0}\"\n";
			showEnvVarsInLog = 0;
		};
		9BFB229D70B000EB56BF3237 /* [CP] Embed Pods Frameworks */ = {
			isa = PBXShellScriptBuildPhase;
			buildActionMask = 2147483647;
			files = (
			);
			inputFileListPaths = (
				"${PODS_ROOT}/Target Support Files/Pods-GameListHarsh/Pods-GameListHarsh-frameworks-${CONFIGURATION}-input-files.xcfilelist",
			);
			name = "[CP] Embed Pods Frameworks";
			outputFileListPaths = (
				"${PODS_ROOT}/Target Support Files/Pods-GameListHarsh/Pods-GameListHarsh-frameworks-${CONFIGURATION}-output-files.xcfilelist",
			);
			runOnlyForDeploymentPostprocessing = 0;
			shellPath = /bin/sh;
			shellScript = "\"${PODS_ROOT}/Target Support Files/Pods-GameListHarsh/Pods-GameListHarsh-frameworks.sh\"\n";
			showEnvVarsInLog = 0;
		};
/* End PBXShellScriptBuildPhase section */

/* Begin PBXSourcesBuildPhase section */
		04124D202B737E6C008CF208 /* Sources */ = {
			isa = PBXSourcesBuildPhase;
			buildActionMask = 2147483647;
			files = (
				04124D3C2B737F44008CF208 /* ModelGame.swift in Sources */,
				04124D282B737E6C008CF208 /* AppDelegate.swift in Sources */,
				046D30812B73A619009575BE /* Utility.swift in Sources */,
				04124D592B738D19008CF208 /* UIImageVIew+Extension.swift in Sources */,
				046D307F2B73A4BE009575BE /* OutPutVC.swift in Sources */,
				04124D552B73867C008CF208 /* GameListTVC.swift in Sources */,
				04124D412B73813D008CF208 /* GameListVC.swift in Sources */,
				046D307D2B73A4B2009575BE /* InputVC.swift in Sources */,
				04124D2A2B737E6C008CF208 /* SceneDelegate.swift in Sources */,
			);
			runOnlyForDeploymentPostprocessing = 0;
		};
/* End PBXSourcesBuildPhase section */

/* Begin PBXVariantGroup section */
		04124D2D2B737E6C008CF208 /* Main.storyboard */ = {
			isa = PBXVariantGroup;
			children = (
				04124D2E2B737E6C008CF208 /* Base */,
			);
			name = Main.storyboard;
			sourceTree = "<group>";
		};
		04124D322B737E6F008CF208 /* LaunchScreen.storyboard */ = {
			isa = PBXVariantGroup;
			children = (
				04124D332B737E6F008CF208 /* Base */,
			);
			name = LaunchScreen.storyboard;
			sourceTree = "<group>";
		};
/* End PBXVariantGroup section */

/* Begin XCBuildConfiguration section */
		04124D362B737E6F008CF208 /* Debug */ = {
			isa = XCBuildConfiguration;
			buildSettings = {
				ALWAYS_SEARCH_USER_PATHS = NO;
				ASSETCATALOG_COMPILER_GENERATE_SWIFT_ASSET_SYMBOL_EXTENSIONS = YES;
				CLANG_ANALYZER_NONNULL = YES;
				CLANG_ANALYZER_NUMBER_OBJECT_CONVERSION = YES_AGGRESSIVE;
				CLANG_CXX_LANGUAGE_STANDARD = "gnu++20";
				CLANG_ENABLE_MODULES = YES;
				CLANG_ENABLE_OBJC_ARC = YES;
				CLANG_ENABLE_OBJC_WEAK = YES;
				CLANG_WARN_BLOCK_CAPTURE_AUTORELEASING = YES;
				CLANG_WARN_BOOL_CONVERSION = YES;
				CLANG_WARN_COMMA = YES;
				CLANG_WARN_CONSTANT_CONVERSION = YES;
				CLANG_WARN_DEPRECATED_OBJC_IMPLEMENTATIONS = YES;
				CLANG_WARN_DIRECT_OBJC_ISA_USAGE = YES_ERROR;
				CLANG_WARN_DOCUMENTATION_COMMENTS = YES;
				CLANG_WARN_EMPTY_BODY = YES;
				CLANG_WARN_ENUM_CONVERSION = YES;
				CLANG_WARN_INFINITE_RECURSION = YES;
				CLANG_WARN_INT_CONVERSION = YES;
				CLANG_WARN_NON_LITERAL_NULL_CONVERSION = YES;
				CLANG_WARN_OBJC_IMPLICIT_RETAIN_SELF = YES;
				CLANG_WARN_OBJC_LITERAL_CONVERSION = YES;
				CLANG_WARN_OBJC_ROOT_CLASS = YES_ERROR;
				CLANG_WARN_QUOTED_INCLUDE_IN_FRAMEWORK_HEADER = YES;
				CLANG_WARN_RANGE_LOOP_ANALYSIS = YES;
				CLANG_WARN_STRICT_PROTOTYPES = YES;
				CLANG_WARN_SUSPICIOUS_MOVE = YES;
				CLANG_WARN_UNGUARDED_AVAILABILITY = YES_AGGRESSIVE;
				CLANG_WARN_UNREACHABLE_CODE = YES;
				CLANG_WARN__DUPLICATE_METHOD_MATCH = YES;
				COPY_PHASE_STRIP = NO;
				DEBUG_INFORMATION_FORMAT = dwarf;
				ENABLE_STRICT_OBJC_MSGSEND = YES;
				ENABLE_TESTABILITY = YES;
				ENABLE_USER_SCRIPT_SANDBOXING = YES;
				GCC_C_LANGUAGE_STANDARD = gnu17;
				GCC_DYNAMIC_NO_PIC = NO;
				GCC_NO_COMMON_BLOCKS = YES;
				GCC_OPTIMIZATION_LEVEL = 0;
				GCC_PREPROCESSOR_DEFINITIONS = (
					"DEBUG=1",
					"$(inherited)",
				);
				GCC_WARN_64_TO_32_BIT_CONVERSION = YES;
				GCC_WARN_ABOUT_RETURN_TYPE = YES_ERROR;
				GCC_WARN_UNDECLARED_SELECTOR = YES;
				GCC_WARN_UNINITIALIZED_AUTOS = YES_AGGRESSIVE;
				GCC_WARN_UNUSED_FUNCTION = YES;
				GCC_WARN_UNUSED_VARIABLE = YES;
				IPHONEOS_DEPLOYMENT_TARGET = 17.2;
				LOCALIZATION_PREFERS_STRING_CATALOGS = YES;
				MTL_ENABLE_DEBUG_INFO = INCLUDE_SOURCE;
				MTL_FAST_MATH = YES;
				ONLY_ACTIVE_ARCH = YES;
				SDKROOT = iphoneos;
				SWIFT_ACTIVE_COMPILATION_CONDITIONS = "DEBUG $(inherited)";
				SWIFT_OPTIMIZATION_LEVEL = "-Onone";
			};
			name = Debug;
		};
		04124D372B737E6F008CF208 /* Release */ = {
			isa = XCBuildConfiguration;
			buildSettings = {
				ALWAYS_SEARCH_USER_PATHS = NO;
				ASSETCATALOG_COMPILER_GENERATE_SWIFT_ASSET_SYMBOL_EXTENSIONS = YES;
				CLANG_ANALYZER_NONNULL = YES;
				CLANG_ANALYZER_NUMBER_OBJECT_CONVERSION = YES_AGGRESSIVE;
				CLANG_CXX_LANGUAGE_STANDARD = "gnu++20";
				CLANG_ENABLE_MODULES = YES;
				CLANG_ENABLE_OBJC_ARC = YES;
				CLANG_ENABLE_OBJC_WEAK = YES;
				CLANG_WARN_BLOCK_CAPTURE_AUTORELEASING = YES;
				CLANG_WARN_BOOL_CONVERSION = YES;
				CLANG_WARN_COMMA = YES;
				CLANG_WARN_CONSTANT_CONVERSION = YES;
				CLANG_WARN_DEPRECATED_OBJC_IMPLEMENTATIONS = YES;
				CLANG_WARN_DIRECT_OBJC_ISA_USAGE = YES_ERROR;
				CLANG_WARN_DOCUMENTATION_COMMENTS = YES;
				CLANG_WARN_EMPTY_BODY = YES;
				CLANG_WARN_ENUM_CONVERSION = YES;
				CLANG_WARN_INFINITE_RECURSION = YES;
				CLANG_WARN_INT_CONVERSION = YES;
				CLANG_WARN_NON_LITERAL_NULL_CONVERSION = YES;
				CLANG_WARN_OBJC_IMPLICIT_RETAIN_SELF = YES;
				CLANG_WARN_OBJC_LITERAL_CONVERSION = YES;
				CLANG_WARN_OBJC_ROOT_CLASS = YES_ERROR;
				CLANG_WARN_QUOTED_INCLUDE_IN_FRAMEWORK_HEADER = YES;
				CLANG_WARN_RANGE_LOOP_ANALYSIS = YES;
				CLANG_WARN_STRICT_PROTOTYPES = YES;
				CLANG_WARN_SUSPICIOUS_MOVE = YES;
				CLANG_WARN_UNGUARDED_AVAILABILITY = YES_AGGRESSIVE;
				CLANG_WARN_UNREACHABLE_CODE = YES;
				CLANG_WARN__DUPLICATE_METHOD_MATCH = YES;
				COPY_PHASE_STRIP = NO;
				DEBUG_INFORMATION_FORMAT = "dwarf-with-dsym";
				ENABLE_NS_ASSERTIONS = NO;
				ENABLE_STRICT_OBJC_MSGSEND = YES;
				ENABLE_USER_SCRIPT_SANDBOXING = YES;
				GCC_C_LANGUAGE_STANDARD = gnu17;
				GCC_NO_COMMON_BLOCKS = YES;
				GCC_WARN_64_TO_32_BIT_CONVERSION = YES;
				GCC_WARN_ABOUT_RETURN_TYPE = YES_ERROR;
				GCC_WARN_UNDECLARED_SELECTOR = YES;
				GCC_WARN_UNINITIALIZED_AUTOS = YES_AGGRESSIVE;
				GCC_WARN_UNUSED_FUNCTION = YES;
				GCC_WARN_UNUSED_VARIABLE = YES;
				IPHONEOS_DEPLOYMENT_TARGET = 17.2;
				LOCALIZATION_PREFERS_STRING_CATALOGS = YES;
				MTL_ENABLE_DEBUG_INFO = NO;
				MTL_FAST_MATH = YES;
				SDKROOT = iphoneos;
				SWIFT_COMPILATION_MODE = wholemodule;
				VALIDATE_PRODUCT = YES;
			};
			name = Release;
		};
		04124D392B737E6F008CF208 /* Debug */ = {
			isa = XCBuildConfiguration;
			baseConfigurationReference = EBA69B12A496B5E032054D31 /* Pods-GameListHarsh.debug.xcconfig */;
			buildSettings = {
				ASSETCATALOG_COMPILER_APPICON_NAME = AppIcon;
				ASSETCATALOG_COMPILER_GLOBAL_ACCENT_COLOR_NAME = AccentColor;
				CODE_SIGN_STYLE = Automatic;
				CURRENT_PROJECT_VERSION = 1;
				DEVELOPMENT_TEAM = 4N63T7C9Y8;
				ENABLE_USER_SCRIPT_SANDBOXING = NO;
				GENERATE_INFOPLIST_FILE = YES;
				INFOPLIST_FILE = GameListHarsh/Info.plist;
				INFOPLIST_KEY_UIApplicationSupportsIndirectInputEvents = YES;
				INFOPLIST_KEY_UILaunchStoryboardName = LaunchScreen;
				INFOPLIST_KEY_UIMainStoryboardFile = Main;
				INFOPLIST_KEY_UISupportedInterfaceOrientations = "UIInterfaceOrientationLandscapeLeft UIInterfaceOrientationLandscapeRight UIInterfaceOrientationPortrait";
				INFOPLIST_KEY_UISupportedInterfaceOrientations_iPad = UIInterfaceOrientationPortrait;
				LD_RUNPATH_SEARCH_PATHS = (
					"$(inherited)",
					"@executable_path/Frameworks",
				);
				MARKETING_VERSION = 1.0;
				PRODUCT_BUNDLE_IDENTIFIER = com.harsh.GameListHarsh;
				PRODUCT_NAME = "$(TARGET_NAME)";
				SWIFT_EMIT_LOC_STRINGS = YES;
				SWIFT_VERSION = 5.0;
				TARGETED_DEVICE_FAMILY = "1,2";
			};
			name = Debug;
		};
		04124D3A2B737E6F008CF208 /* Release */ = {
			isa = XCBuildConfiguration;
			baseConfigurationReference = 2DC4B50F8B5FF846C3614445 /* Pods-GameListHarsh.release.xcconfig */;
			buildSettings = {
				ASSETCATALOG_COMPILER_APPICON_NAME = AppIcon;
				ASSETCATALOG_COMPILER_GLOBAL_ACCENT_COLOR_NAME = AccentColor;
				CODE_SIGN_STYLE = Automatic;
				CURRENT_PROJECT_VERSION = 1;
				DEVELOPMENT_TEAM = 4N63T7C9Y8;
				ENABLE_USER_SCRIPT_SANDBOXING = NO;
				GENERATE_INFOPLIST_FILE = YES;
				INFOPLIST_FILE = GameListHarsh/Info.plist;
				INFOPLIST_KEY_UIApplicationSupportsIndirectInputEvents = YES;
				INFOPLIST_KEY_UILaunchStoryboardName = LaunchScreen;
				INFOPLIST_KEY_UIMainStoryboardFile = Main;
				INFOPLIST_KEY_UISupportedInterfaceOrientations = "UIInterfaceOrientationLandscapeLeft UIInterfaceOrientationLandscapeRight UIInterfaceOrientationPortrait";
				INFOPLIST_KEY_UISupportedInterfaceOrientations_iPad = UIInterfaceOrientationPortrait;
				LD_RUNPATH_SEARCH_PATHS = (
					"$(inherited)",
					"@executable_path/Frameworks",
				);
				MARKETING_VERSION = 1.0;
				PRODUCT_BUNDLE_IDENTIFIER = com.harsh.GameListHarsh;
				PRODUCT_NAME = "$(TARGET_NAME)";
				SWIFT_EMIT_LOC_STRINGS = YES;
				SWIFT_VERSION = 5.0;
				TARGETED_DEVICE_FAMILY = "1,2";
			};
			name = Release;
		};
/* End XCBuildConfiguration section */

/* Begin XCConfigurationList section */
		04124D1F2B737E6C008CF208 /* Build configuration list for PBXProject "GameListHarsh" */ = {
			isa = XCConfigurationList;
			buildConfigurations = (
				04124D362B737E6F008CF208 /* Debug */,
				04124D372B737E6F008CF208 /* Release */,
			);
			defaultConfigurationIsVisible = 0;
			defaultConfigurationName = Release;
		};
		04124D382B737E6F008CF208 /* Build configuration list for PBXNativeTarget "GameListHarsh" */ = {
			isa = XCConfigurationList;
			buildConfigurations = (
				04124D392B737E6F008CF208 /* Debug */,
				04124D3A2B737E6F008CF208 /* Release */,
			);
			defaultConfigurationIsVisible = 0;
			defaultConfigurationName = Release;
		};
/* End XCConfigurationList section */
	};
	rootObject = 04124D1C2B737E6C008CF208 /* Project object */;
}
